
Microsoft Visual Studio Solution File, Format Version 12.00
# Visual Studio Version 16
VisualStudioVersion = 16.0.29609.76
MinimumVisualStudioVersion = 10.0.40219.1
Project("{9A19103F-16F7-4668-BE54-9A1E7A4F7556}") = "Xe", "Xe\Xe.csproj", "{98FE2186-289A-4A85-9577-DB98492EA56D}"
EndProject
Project("{FAE04EC0-301F-11D3-BF4B-00C04F79EFBC}") = "Xe.Tools.Wpf", "Xe.Tools.Wpf\Xe.Tools.Wpf.csproj", "{545D863A-CD36-4C79-A07F-CF82B718FC3E}"
EndProject
Project("{9A19103F-16F7-4668-BE54-9A1E7A4F7556}") = "Xe.Drawing", "Xe.Drawing\Xe.Drawing.csproj", "{FA2B3F00-C5A2-4F8C-A339-CA043C4CF3AC}"
EndProject
Project("{FAE04EC0-301F-11D3-BF4B-00C04F79EFBC}") = "Xe.Drawing.Direct2D", "Xe.Drawing.Direct2D\Xe.Drawing.Direct2D.csproj", "{66349C96-4F83-4AF1-96F7-56716460AE6E}"
EndProject
Project("{FAE04EC0-301F-11D3-BF4B-00C04F79EFBC}") = "Xe.Drawing.Direct3D", "Xe.Drawing.Direct3D\Xe.Drawing.Direct3D.csproj", "{B36BDC2B-1A6C-43DF-B463-801A3479F451}"
EndProject
Project("{FAE04EC0-301F-11D3-BF4B-00C04F79EFBC}") = "Xe.Drawing.GdiPlus", "Xe.Drawing.GdiPlus\Xe.Drawing.GdiPlus.csproj", "{80ECBD59-D578-4694-9AD2-EA4A7BDC47FA}"
EndProject
Project("{2150E333-8FDC-42A3-9474-1A3956D46DE8}") = "Solution Items", "Solution Items", "{16BB50FF-3829-4FBE-9054-84C25C6D863F}"
	ProjectSection(SolutionItems) = preProject
		LICENSE = LICENSE
		README.md = README.md
	EndProjectSection
EndProject
Project("{9A19103F-16F7-4668-BE54-9A1E7A4F7556}") = "Xe.Tools", "Xe.Tools\Xe.Tools.csproj", "{AD21C9E4-8598-48CF-A8AF-7CE8BE968325}"
EndProject
Global
	GlobalSection(SolutionConfigurationPlatforms) = preSolution
		Debug|Any CPU = Debug|Any CPU
		Release|Any CPU = Release|Any CPU
	EndGlobalSection
	GlobalSection(ProjectConfigurationPlatforms) = postSolution
		{98FE2186-289A-4A85-9577-DB98492EA56D}.Debug|Any CPU.ActiveCfg = Debug|Any CPU
		{98FE2186-289A-4A85-9577-DB98492EA56D}.Debug|Any CPU.Build.0 = Debug|Any CPU
		{98FE2186-289A-4A85-9577-DB98492EA56D}.Release|Any CPU.ActiveCfg = Release|Any CPU
		{98FE2186-289A-4A85-9577-DB98492EA56D}.Release|Any CPU.Build.0 = Release|Any CPU
		{545D863A-CD36-4C79-A07F-CF82B718FC3E}.Debug|Any CPU.ActiveCfg = Debug|Any CPU
		{545D863A-CD36-4C79-A07F-CF82B718FC3E}.Debug|Any CPU.Build.0 = Debug|Any CPU
		{545D863A-CD36-4C79-A07F-CF82B718FC3E}.Release|Any CPU.ActiveCfg = Release|Any CPU
		{545D863A-CD36-4C79-A07F-CF82B718FC3E}.Release|Any CPU.Build.0 = Release|Any CPU
		{FA2B3F00-C5A2-4F8C-A339-CA043C4CF3AC}.Debug|Any CPU.ActiveCfg = Debug|Any CPU
		{FA2B3F00-C5A2-4F8C-A339-CA043C4CF3AC}.Debug|Any CPU.Build.0 = Debug|Any CPU
		{FA2B3F00-C5A2-4F8C-A339-CA043C4CF3AC}.Release|Any CPU.ActiveCfg = Release|Any CPU
		{FA2B3F00-C5A2-4F8C-A339-CA043C4CF3AC}.Release|Any CPU.Build.0 = Release|Any CPU
		{66349C96-4F83-4AF1-96F7-56716460AE6E}.Debug|Any CPU.ActiveCfg = Debug|Any CPU
		{66349C96-4F83-4AF1-96F7-56716460AE6E}.Debug|Any CPU.Build.0 = Debug|Any CPU
		{66349C96-4F83-4AF1-96F7-56716460AE6E}.Release|Any CPU.ActiveCfg = Release|Any CPU
		{66349C96-4F83-4AF1-96F7-56716460AE6E}.Release|Any CPU.Build.0 = Release|Any CPU
		{B36BDC2B-1A6C-43DF-B463-801A3479F451}.Debug|Any CPU.ActiveCfg = Debug|Any CPU
		{B36BDC2B-1A6C-43DF-B463-801A3479F451}.Debug|Any CPU.Build.0 = Debug|Any CPU
		{B36BDC2B-1A6C-43DF-B463-801A3479F451}.Release|Any CPU.ActiveCfg = Release|Any CPU
		{B36BDC2B-1A6C-43DF-B463-801A3479F451}.Release|Any CPU.Build.0 = Release|Any CPU
		{80ECBD59-D578-4694-9AD2-EA4A7BDC47FA}.Debug|Any CPU.ActiveCfg = Debug|Any CPU
		{80ECBD59-D578-4694-9AD2-EA4A7BDC47FA}.Debug|Any CPU.Build.0 = Debug|Any CPU
		{80ECBD59-D578-4694-9AD2-EA4A7BDC47FA}.Release|Any CPU.ActiveCfg = Release|Any CPU
		{80ECBD59-D578-4694-9AD2-EA4A7BDC47FA}.Release|Any CPU.Build.0 = Release|Any CPU
		{AD21C9E4-8598-48CF-A8AF-7CE8BE968325}.Debug|Any CPU.ActiveCfg = Debug|Any CPU
		{AD21C9E4-8598-48CF-A8AF-7CE8BE968325}.Debug|Any CPU.Build.0 = Debug|Any CPU
		{AD21C9E4-8598-48CF-A8AF-7CE8BE968325}.Release|Any CPU.ActiveCfg = Release|Any CPU
		{AD21C9E4-8598-48CF-A8AF-7CE8BE968325}.Release|Any CPU.Build.0 = Release|Any CPU
	EndGlobalSection
	GlobalSection(SolutionProperties) = preSolution
		HideSolutionNode = FALSE
	EndGlobalSection
	GlobalSection(ExtensibilityGlobals) = postSolution
		SolutionGuid = {1676EB2C-4F71-4A10-AEC5-CCDF810872FB}
	EndGlobalSection
EndGlobal
